// !$*UTF8*$!
{
	archiveVersion = 1;
	classes = {
	};
	objectVersion = 56;
	objects = {

/* Begin PBXBuildFile section */
		A62279AA2C25BA110074CCCE /* ToDoListApp.swift in Sources */ = {isa = PBXBuildFile; fileRef = A62279A92C25BA110074CCCE /* ToDoListApp.swift */; };
		A62279AC2C25BA110074CCCE /* MainView.swift in Sources */ = {isa = PBXBuildFile; fileRef = A62279AB2C25BA110074CCCE /* MainView.swift */; };
		A62279AE2C25BA130074CCCE /* Assets.xcassets in Resources */ = {isa = PBXBuildFile; fileRef = A62279AD2C25BA130074CCCE /* Assets.xcassets */; };
		A62279B12C25BA130074CCCE /* Preview Assets.xcassets in Resources */ = {isa = PBXBuildFile; fileRef = A62279B02C25BA130074CCCE /* Preview Assets.xcassets */; };
		A62279BB2C25BA130074CCCE /* ToDoListTests.swift in Sources */ = {isa = PBXBuildFile; fileRef = A62279BA2C25BA130074CCCE /* ToDoListTests.swift */; };
		A62279C52C25BA130074CCCE /* ToDoListUITests.swift in Sources */ = {isa = PBXBuildFile; fileRef = A62279C42C25BA130074CCCE /* ToDoListUITests.swift */; };
		A62279C72C25BA130074CCCE /* ToDoListUITestsLaunchTests.swift in Sources */ = {isa = PBXBuildFile; fileRef = A62279C62C25BA130074CCCE /* ToDoListUITestsLaunchTests.swift */; };
		A62279D52C25BC8D0074CCCE /* FirebaseAuth in Frameworks */ = {isa = PBXBuildFile; productRef = A62279D42C25BC8D0074CCCE /* FirebaseAuth */; };
		A62279D72C25BC8D0074CCCE /* FirebaseFirestore in Frameworks */ = {isa = PBXBuildFile; productRef = A62279D62C25BC8D0074CCCE /* FirebaseFirestore */; };
		A62279D92C25BC8D0074CCCE /* FirebaseFirestoreSwift in Frameworks */ = {isa = PBXBuildFile; productRef = A62279D82C25BC8D0074CCCE /* FirebaseFirestoreSwift */; };
		A62279DB2C25BE680074CCCE /* GoogleService-Info.plist in Resources */ = {isa = PBXBuildFile; fileRef = A62279DA2C25BE680074CCCE /* GoogleService-Info.plist */; };
		A62279E12C25C4830074CCCE /* ProfileView.swift in Sources */ = {isa = PBXBuildFile; fileRef = A62279E02C25C4830074CCCE /* ProfileView.swift */; };
		A62279E52C25C4B00074CCCE /* NewItemView.swift in Sources */ = {isa = PBXBuildFile; fileRef = A62279E42C25C4B00074CCCE /* NewItemView.swift */; };
		A62279E72C25C4BA0074CCCE /* LoginView.swift in Sources */ = {isa = PBXBuildFile; fileRef = A62279E62C25C4BA0074CCCE /* LoginView.swift */; };
		A62279E92C25C4C40074CCCE /* RegisterView.swift in Sources */ = {isa = PBXBuildFile; fileRef = A62279E82C25C4C40074CCCE /* RegisterView.swift */; };
		A62279EB2C25C5120074CCCE /* ToDoListView.swift in Sources */ = {isa = PBXBuildFile; fileRef = A62279EA2C25C5120074CCCE /* ToDoListView.swift */; };
		A62279ED2C25C5410074CCCE /* ToDoListItemView.swift in Sources */ = {isa = PBXBuildFile; fileRef = A62279EC2C25C5410074CCCE /* ToDoListItemView.swift */; };
		A62279EF2C25C5770074CCCE /* User.swift in Sources */ = {isa = PBXBuildFile; fileRef = A62279EE2C25C5770074CCCE /* User.swift */; };
		A62279F12C25C5820074CCCE /* ToDoListItem.swift in Sources */ = {isa = PBXBuildFile; fileRef = A62279F02C25C5820074CCCE /* ToDoListItem.swift */; };
		A62279F32C25C5AE0074CCCE /* MainViewViewModel.swift in Sources */ = {isa = PBXBuildFile; fileRef = A62279F22C25C5AE0074CCCE /* MainViewViewModel.swift */; };
		A62279F52C25C5CE0074CCCE /* ProfileViewViewModel.swift in Sources */ = {isa = PBXBuildFile; fileRef = A62279F42C25C5CE0074CCCE /* ProfileViewViewModel.swift */; };
		A62279F72C25C5D80074CCCE /* NewItemViewViewModel.swift in Sources */ = {isa = PBXBuildFile; fileRef = A62279F62C25C5D80074CCCE /* NewItemViewViewModel.swift */; };
		A62279F92C25C5E50074CCCE /* LoginViewViewModel.swift in Sources */ = {isa = PBXBuildFile; fileRef = A62279F82C25C5E50074CCCE /* LoginViewViewModel.swift */; };
		A62279FB2C25C5F10074CCCE /* RegisterViewViewModel.swift in Sources */ = {isa = PBXBuildFile; fileRef = A62279FA2C25C5F10074CCCE /* RegisterViewViewModel.swift */; };
		A62279FD2C25C5FD0074CCCE /* ToDoListViewViewModel.swift in Sources */ = {isa = PBXBuildFile; fileRef = A62279FC2C25C5FD0074CCCE /* ToDoListViewViewModel.swift */; };
		A62279FF2C25C6120074CCCE /* ToDoListItemViewViewModel.swift in Sources */ = {isa = PBXBuildFile; fileRef = A62279FE2C25C6120074CCCE /* ToDoListItemViewViewModel.swift */; };
		A6227A012C25CE220074CCCE /* HeaderView.swift in Sources */ = {isa = PBXBuildFile; fileRef = A6227A002C25CE220074CCCE /* HeaderView.swift */; };
		A6227A032C28E2AC0074CCCE /* TLButton.swift in Sources */ = {isa = PBXBuildFile; fileRef = A6227A022C28E2AC0074CCCE /* TLButton.swift */; };
		A6227A052C28F0F20074CCCE /* Extensions.swift in Sources */ = {isa = PBXBuildFile; fileRef = A6227A042C28F0F20074CCCE /* Extensions.swift */; };
		A6227A072C29F14B0074CCCE /* Launch Screen.storyboard in Resources */ = {isa = PBXBuildFile; fileRef = A6227A062C29F14B0074CCCE /* Launch Screen.storyboard */; };
/* End PBXBuildFile section */

/* Begin PBXContainerItemProxy section */
		A62279B72C25BA130074CCCE /* PBXContainerItemProxy */ = {
			isa = PBXContainerItemProxy;
			containerPortal = A622799E2C25BA110074CCCE /* Project object */;
			proxyType = 1;
			remoteGlobalIDString = A62279A52C25BA110074CCCE;
			remoteInfo = ToDoList;
		};
		A62279C12C25BA130074CCCE /* PBXContainerItemProxy */ = {
			isa = PBXContainerItemProxy;
			containerPortal = A622799E2C25BA110074CCCE /* Project object */;
			proxyType = 1;
			remoteGlobalIDString = A62279A52C25BA110074CCCE;
			remoteInfo = ToDoList;
		};
/* End PBXContainerItemProxy section */

/* Begin PBXFileReference section */
		A62279A62C25BA110074CCCE /* ToDoList.app */ = {isa = PBXFileReference; explicitFileType = wrapper.application; includeInIndex = 0; path = ToDoList.app; sourceTree = BUILT_PRODUCTS_DIR; };
		A62279A92C25BA110074CCCE /* ToDoListApp.swift */ = {isa = PBXFileReference; lastKnownFileType = sourcecode.swift; path = ToDoListApp.swift; sourceTree = "<group>"; };
		A62279AB2C25BA110074CCCE /* MainView.swift */ = {isa = PBXFileReference; lastKnownFileType = sourcecode.swift; path = MainView.swift; sourceTree = "<group>"; };
		A62279AD2C25BA130074CCCE /* Assets.xcassets */ = {isa = PBXFileReference; lastKnownFileType = folder.assetcatalog; path = Assets.xcassets; sourceTree = "<group>"; };
		A62279B02C25BA130074CCCE /* Preview Assets.xcassets */ = {isa = PBXFileReference; lastKnownFileType = folder.assetcatalog; path = "Preview Assets.xcassets"; sourceTree = "<group>"; };
		A62279B62C25BA130074CCCE /* ToDoListTests.xctest */ = {isa = PBXFileReference; explicitFileType = wrapper.cfbundle; includeInIndex = 0; path = ToDoListTests.xctest; sourceTree = BUILT_PRODUCTS_DIR; };
		A62279BA2C25BA130074CCCE /* ToDoListTests.swift */ = {isa = PBXFileReference; lastKnownFileType = sourcecode.swift; path = ToDoListTests.swift; sourceTree = "<group>"; };
		A62279C02C25BA130074CCCE /* ToDoListUITests.xctest */ = {isa = PBXFileReference; explicitFileType = wrapper.cfbundle; includeInIndex = 0; path = ToDoListUITests.xctest; sourceTree = BUILT_PRODUCTS_DIR; };
		A62279C42C25BA130074CCCE /* ToDoListUITests.swift */ = {isa = PBXFileReference; lastKnownFileType = sourcecode.swift; path = ToDoListUITests.swift; sourceTree = "<group>"; };
		A62279C62C25BA130074CCCE /* ToDoListUITestsLaunchTests.swift */ = {isa = PBXFileReference; lastKnownFileType = sourcecode.swift; path = ToDoListUITestsLaunchTests.swift; sourceTree = "<group>"; };
		A62279DA2C25BE680074CCCE /* GoogleService-Info.plist */ = {isa = PBXFileReference; fileEncoding = 4; lastKnownFileType = text.plist.xml; path = "GoogleService-Info.plist"; sourceTree = "<group>"; };
		A62279E02C25C4830074CCCE /* ProfileView.swift */ = {isa = PBXFileReference; lastKnownFileType = sourcecode.swift; path = ProfileView.swift; sourceTree = "<group>"; };
		A62279E42C25C4B00074CCCE /* NewItemView.swift */ = {isa = PBXFileReference; lastKnownFileType = sourcecode.swift; path = NewItemView.swift; sourceTree = "<group>"; };
		A62279E62C25C4BA0074CCCE /* LoginView.swift */ = {isa = PBXFileReference; lastKnownFileType = sourcecode.swift; path = LoginView.swift; sourceTree = "<group>"; };
		A62279E82C25C4C40074CCCE /* RegisterView.swift */ = {isa = PBXFileReference; lastKnownFileType = sourcecode.swift; path = RegisterView.swift; sourceTree = "<group>"; };
		A62279EA2C25C5120074CCCE /* ToDoListView.swift */ = {isa = PBXFileReference; lastKnownFileType = sourcecode.swift; path = ToDoListView.swift; sourceTree = "<group>"; };
		A62279EC2C25C5410074CCCE /* ToDoListItemView.swift */ = {isa = PBXFileReference; lastKnownFileType = sourcecode.swift; path = ToDoListItemView.swift; sourceTree = "<group>"; };
		A62279EE2C25C5770074CCCE /* User.swift */ = {isa = PBXFileReference; lastKnownFileType = sourcecode.swift; path = User.swift; sourceTree = "<group>"; };
		A62279F02C25C5820074CCCE /* ToDoListItem.swift */ = {isa = PBXFileReference; lastKnownFileType = sourcecode.swift; path = ToDoListItem.swift; sourceTree = "<group>"; };
		A62279F22C25C5AE0074CCCE /* MainViewViewModel.swift */ = {isa = PBXFileReference; lastKnownFileType = sourcecode.swift; path = MainViewViewModel.swift; sourceTree = "<group>"; };
		A62279F42C25C5CE0074CCCE /* ProfileViewViewModel.swift */ = {isa = PBXFileReference; lastKnownFileType = sourcecode.swift; path = ProfileViewViewModel.swift; sourceTree = "<group>"; };
		A62279F62C25C5D80074CCCE /* NewItemViewViewModel.swift */ = {isa = PBXFileReference; lastKnownFileType = sourcecode.swift; path = NewItemViewViewModel.swift; sourceTree = "<group>"; };
		A62279F82C25C5E50074CCCE /* LoginViewViewModel.swift */ = {isa = PBXFileReference; lastKnownFileType = sourcecode.swift; path = LoginViewViewModel.swift; sourceTree = "<group>"; };
		A62279FA2C25C5F10074CCCE /* RegisterViewViewModel.swift */ = {isa = PBXFileReference; lastKnownFileType = sourcecode.swift; path = RegisterViewViewModel.swift; sourceTree = "<group>"; };
		A62279FC2C25C5FD0074CCCE /* ToDoListViewViewModel.swift */ = {isa = PBXFileReference; lastKnownFileType = sourcecode.swift; path = ToDoListViewViewModel.swift; sourceTree = "<group>"; };
		A62279FE2C25C6120074CCCE /* ToDoListItemViewViewModel.swift */ = {isa = PBXFileReference; lastKnownFileType = sourcecode.swift; path = ToDoListItemViewViewModel.swift; sourceTree = "<group>"; };
		A6227A002C25CE220074CCCE /* HeaderView.swift */ = {isa = PBXFileReference; lastKnownFileType = sourcecode.swift; path = HeaderView.swift; sourceTree = "<group>"; };
		A6227A022C28E2AC0074CCCE /* TLButton.swift */ = {isa = PBXFileReference; lastKnownFileType = sourcecode.swift; path = TLButton.swift; sourceTree = "<group>"; };
		A6227A042C28F0F20074CCCE /* Extensions.swift */ = {isa = PBXFileReference; lastKnownFileType = sourcecode.swift; path = Extensions.swift; sourceTree = "<group>"; };
		A6227A062C29F14B0074CCCE /* Launch Screen.storyboard */ = {isa = PBXFileReference; lastKnownFileType = file.storyboard; path = "Launch Screen.storyboard"; sourceTree = "<group>"; };
/* End PBXFileReference section */

/* Begin PBXFrameworksBuildPhase section */
		A62279A32C25BA110074CCCE /* Frameworks */ = {
			isa = PBXFrameworksBuildPhase;
			buildActionMask = 2147483647;
			files = (
				A62279D52C25BC8D0074CCCE /* FirebaseAuth in Frameworks */,
				A62279D72C25BC8D0074CCCE /* FirebaseFirestore in Frameworks */,
				A62279D92C25BC8D0074CCCE /* FirebaseFirestoreSwift in Frameworks */,
			);
			runOnlyForDeploymentPostprocessing = 0;
		};
		A62279B32C25BA130074CCCE /* Frameworks */ = {
			isa = PBXFrameworksBuildPhase;
			buildActionMask = 2147483647;
			files = (
			);
			runOnlyForDeploymentPostprocessing = 0;
		};
		A62279BD2C25BA130074CCCE /* Frameworks */ = {
			isa = PBXFrameworksBuildPhase;
			buildActionMask = 2147483647;
			files = (
			);
			runOnlyForDeploymentPostprocessing = 0;
		};
/* End PBXFrameworksBuildPhase section */

/* Begin PBXGroup section */
		A622799D2C25BA110074CCCE = {
			isa = PBXGroup;
			children = (
				A62279A82C25BA110074CCCE /* ToDoList */,
				A62279B92C25BA130074CCCE /* ToDoListTests */,
				A62279C32C25BA130074CCCE /* ToDoListUITests */,
				A62279A72C25BA110074CCCE /* Products */,
			);
			sourceTree = "<group>";
		};
		A62279A72C25BA110074CCCE /* Products */ = {
			isa = PBXGroup;
			children = (
				A62279A62C25BA110074CCCE /* ToDoList.app */,
				A62279B62C25BA130074CCCE /* ToDoListTests.xctest */,
				A62279C02C25BA130074CCCE /* ToDoListUITests.xctest */,
			);
			name = Products;
			sourceTree = "<group>";
		};
		A62279A82C25BA110074CCCE /* ToDoList */ = {
			isa = PBXGroup;
			children = (
				A62279DF2C25C3A90074CCCE /* Other */,
				A62279DE2C25C3930074CCCE /* Models */,
				A62279DD2C25C37C0074CCCE /* ViewModels */,
				A62279DC2C25C36B0074CCCE /* Views */,
				A62279AF2C25BA130074CCCE /* Preview Content */,
			);
			path = ToDoList;
			sourceTree = "<group>";
		};
		A62279AF2C25BA130074CCCE /* Preview Content */ = {
			isa = PBXGroup;
			children = (
				A62279B02C25BA130074CCCE /* Preview Assets.xcassets */,
			);
			path = "Preview Content";
			sourceTree = "<group>";
		};
		A62279B92C25BA130074CCCE /* ToDoListTests */ = {
			isa = PBXGroup;
			children = (
				A62279BA2C25BA130074CCCE /* ToDoListTests.swift */,
			);
			path = ToDoListTests;
			sourceTree = "<group>";
		};
		A62279C32C25BA130074CCCE /* ToDoListUITests */ = {
			isa = PBXGroup;
			children = (
				A62279C42C25BA130074CCCE /* ToDoListUITests.swift */,
				A62279C62C25BA130074CCCE /* ToDoListUITestsLaunchTests.swift */,
			);
			path = ToDoListUITests;
			sourceTree = "<group>";
		};
		A62279DC2C25C36B0074CCCE /* Views */ = {
			isa = PBXGroup;
			children = (
				A62279AB2C25BA110074CCCE /* MainView.swift */,
				A62279E02C25C4830074CCCE /* ProfileView.swift */,
				A62279E42C25C4B00074CCCE /* NewItemView.swift */,
				A62279E62C25C4BA0074CCCE /* LoginView.swift */,
				A62279EA2C25C5120074CCCE /* ToDoListView.swift */,
				A62279E82C25C4C40074CCCE /* RegisterView.swift */,
				A62279EC2C25C5410074CCCE /* ToDoListItemView.swift */,
				A6227A002C25CE220074CCCE /* HeaderView.swift */,
				A6227A022C28E2AC0074CCCE /* TLButton.swift */,
			);
			path = Views;
			sourceTree = "<group>";
		};
		A62279DD2C25C37C0074CCCE /* ViewModels */ = {
			isa = PBXGroup;
			children = (
				A62279F22C25C5AE0074CCCE /* MainViewViewModel.swift */,
				A62279F42C25C5CE0074CCCE /* ProfileViewViewModel.swift */,
				A62279FE2C25C6120074CCCE /* ToDoListItemViewViewModel.swift */,
				A62279F62C25C5D80074CCCE /* NewItemViewViewModel.swift */,
				A62279F82C25C5E50074CCCE /* LoginViewViewModel.swift */,
				A62279FA2C25C5F10074CCCE /* RegisterViewViewModel.swift */,
				A62279FC2C25C5FD0074CCCE /* ToDoListViewViewModel.swift */,
			);
			path = ViewModels;
			sourceTree = "<group>";
		};
		A62279DE2C25C3930074CCCE /* Models */ = {
			isa = PBXGroup;
			children = (
				A62279EE2C25C5770074CCCE /* User.swift */,
				A62279F02C25C5820074CCCE /* ToDoListItem.swift */,
			);
			path = Models;
			sourceTree = "<group>";
		};
		A62279DF2C25C3A90074CCCE /* Other */ = {
			isa = PBXGroup;
			children = (
				A62279AD2C25BA130074CCCE /* Assets.xcassets */,
				A62279A92C25BA110074CCCE /* ToDoListApp.swift */,
				A62279DA2C25BE680074CCCE /* GoogleService-Info.plist */,
				A6227A042C28F0F20074CCCE /* Extensions.swift */,
				A6227A062C29F14B0074CCCE /* Launch Screen.storyboard */,
			);
			path = Other;
			sourceTree = "<group>";
		};
/* End PBXGroup section */

/* Begin PBXNativeTarget section */
		A62279A52C25BA110074CCCE /* ToDoList */ = {
			isa = PBXNativeTarget;
			buildConfigurationList = A62279CA2C25BA130074CCCE /* Build configuration list for PBXNativeTarget "ToDoList" */;
			buildPhases = (
				A62279A22C25BA110074CCCE /* Sources */,
				A62279A32C25BA110074CCCE /* Frameworks */,
				A62279A42C25BA110074CCCE /* Resources */,
			);
			buildRules = (
			);
			dependencies = (
			);
			name = ToDoList;
			packageProductDependencies = (
				A62279D42C25BC8D0074CCCE /* FirebaseAuth */,
				A62279D62C25BC8D0074CCCE /* FirebaseFirestore */,
				A62279D82C25BC8D0074CCCE /* FirebaseFirestoreSwift */,
			);
			productName = ToDoList;
			productReference = A62279A62C25BA110074CCCE /* ToDoList.app */;
			productType = "com.apple.product-type.application";
		};
		A62279B52C25BA130074CCCE /* ToDoListTests */ = {
			isa = PBXNativeTarget;
			buildConfigurationList = A62279CD2C25BA130074CCCE /* Build configuration list for PBXNativeTarget "ToDoListTests" */;
			buildPhases = (
				A62279B22C25BA130074CCCE /* Sources */,
				A62279B32C25BA130074CCCE /* Frameworks */,
				A62279B42C25BA130074CCCE /* Resources */,
			);
			buildRules = (
			);
			dependencies = (
				A62279B82C25BA130074CCCE /* PBXTargetDependency */,
			);
			name = ToDoListTests;
			productName = ToDoListTests;
			productReference = A62279B62C25BA130074CCCE /* ToDoListTests.xctest */;
			productType = "com.apple.product-type.bundle.unit-test";
		};
		A62279BF2C25BA130074CCCE /* ToDoListUITests */ = {
			isa = PBXNativeTarget;
			buildConfigurationList = A62279D02C25BA130074CCCE /* Build configuration list for PBXNativeTarget "ToDoListUITests" */;
			buildPhases = (
				A62279BC2C25BA130074CCCE /* Sources */,
				A62279BD2C25BA130074CCCE /* Frameworks */,
				A62279BE2C25BA130074CCCE /* Resources */,
			);
			buildRules = (
			);
			dependencies = (
				A62279C22C25BA130074CCCE /* PBXTargetDependency */,
			);
			name = ToDoListUITests;
			productName = ToDoListUITests;
			productReference = A62279C02C25BA130074CCCE /* ToDoListUITests.xctest */;
			productType = "com.apple.product-type.bundle.ui-testing";
		};
/* End PBXNativeTarget section */

/* Begin PBXProject section */
		A622799E2C25BA110074CCCE /* Project object */ = {
			isa = PBXProject;
			attributes = {
				BuildIndependentTargetsInParallel = 1;
				LastSwiftUpdateCheck = 1540;
				LastUpgradeCheck = 1540;
				TargetAttributes = {
					A62279A52C25BA110074CCCE = {
						CreatedOnToolsVersion = 15.4;
					};
					A62279B52C25BA130074CCCE = {
						CreatedOnToolsVersion = 15.4;
						TestTargetID = A62279A52C25BA110074CCCE;
					};
					A62279BF2C25BA130074CCCE = {
						CreatedOnToolsVersion = 15.4;
						TestTargetID = A62279A52C25BA110074CCCE;
					};
				};
			};
			buildConfigurationList = A62279A12C25BA110074CCCE /* Build configuration list for PBXProject "ToDoList" */;
			compatibilityVersion = "Xcode 14.0";
			developmentRegion = en;
			hasScannedForEncodings = 0;
			knownRegions = (
				en,
				Base,
			);
			mainGroup = A622799D2C25BA110074CCCE;
			packageReferences = (
				A62279D32C25BC8C0074CCCE /* XCRemoteSwiftPackageReference "firebase-ios-sdk" */,
			);
			productRefGroup = A62279A72C25BA110074CCCE /* Products */;
			projectDirPath = "";
			projectRoot = "";
			targets = (
				A62279A52C25BA110074CCCE /* ToDoList */,
				A62279B52C25BA130074CCCE /* ToDoListTests */,
				A62279BF2C25BA130074CCCE /* ToDoListUITests */,
			);
		};
/* End PBXProject section */

/* Begin PBXResourcesBuildPhase section */
		A62279A42C25BA110074CCCE /* Resources */ = {
			isa = PBXResourcesBuildPhase;
			buildActionMask = 2147483647;
			files = (
				A62279B12C25BA130074CCCE /* Preview Assets.xcassets in Resources */,
				A62279AE2C25BA130074CCCE /* Assets.xcassets in Resources */,
				A6227A072C29F14B0074CCCE /* Launch Screen.storyboard in Resources */,
				A62279DB2C25BE680074CCCE /* GoogleService-Info.plist in Resources */,
			);
			runOnlyForDeploymentPostprocessing = 0;
		};
		A62279B42C25BA130074CCCE /* Resources */ = {
			isa = PBXResourcesBuildPhase;
			buildActionMask = 2147483647;
			files = (
			);
			runOnlyForDeploymentPostprocessing = 0;
		};
		A62279BE2C25BA130074CCCE /* Resources */ = {
			isa = PBXResourcesBuildPhase;
			buildActionMask = 2147483647;
			files = (
			);
			runOnlyForDeploymentPostprocessing = 0;
		};
/* End PBXResourcesBuildPhase section */

/* Begin PBXSourcesBuildPhase section */
		A62279A22C25BA110074CCCE /* Sources */ = {
			isa = PBXSourcesBuildPhase;
			buildActionMask = 2147483647;
			files = (
				A62279E72C25C4BA0074CCCE /* LoginView.swift in Sources */,
				A6227A012C25CE220074CCCE /* HeaderView.swift in Sources */,
				A62279F92C25C5E50074CCCE /* LoginViewViewModel.swift in Sources */,
				A62279AC2C25BA110074CCCE /* MainView.swift in Sources */,
				A62279F32C25C5AE0074CCCE /* MainViewViewModel.swift in Sources */,
				A62279F72C25C5D80074CCCE /* NewItemViewViewModel.swift in Sources */,
				A62279FB2C25C5F10074CCCE /* RegisterViewViewModel.swift in Sources */,
				A6227A032C28E2AC0074CCCE /* TLButton.swift in Sources */,
				A62279EB2C25C5120074CCCE /* ToDoListView.swift in Sources */,
				A62279E92C25C4C40074CCCE /* RegisterView.swift in Sources */,
				A62279F52C25C5CE0074CCCE /* ProfileViewViewModel.swift in Sources */,
				A62279E12C25C4830074CCCE /* ProfileView.swift in Sources */,
				A62279EF2C25C5770074CCCE /* User.swift in Sources */,
				A62279ED2C25C5410074CCCE /* ToDoListItemView.swift in Sources */,
				A62279AA2C25BA110074CCCE /* ToDoListApp.swift in Sources */,
				A6227A052C28F0F20074CCCE /* Extensions.swift in Sources */,
				A62279F12C25C5820074CCCE /* ToDoListItem.swift in Sources */,
				A62279E52C25C4B00074CCCE /* NewItemView.swift in Sources */,
				A62279FD2C25C5FD0074CCCE /* ToDoListViewViewModel.swift in Sources */,
				A62279FF2C25C6120074CCCE /* ToDoListItemViewViewModel.swift in Sources */,
			);
			runOnlyForDeploymentPostprocessing = 0;
		};
		A62279B22C25BA130074CCCE /* Sources */ = {
			isa = PBXSourcesBuildPhase;
			buildActionMask = 2147483647;
			files = (
				A62279BB2C25BA130074CCCE /* ToDoListTests.swift in Sources */,
			);
			runOnlyForDeploymentPostprocessing = 0;
		};
		A62279BC2C25BA130074CCCE /* Sources */ = {
			isa = PBXSourcesBuildPhase;
			buildActionMask = 2147483647;
			files = (
				A62279C72C25BA130074CCCE /* ToDoListUITestsLaunchTests.swift in Sources */,
				A62279C52C25BA130074CCCE /* ToDoListUITests.swift in Sources */,
			);
			runOnlyForDeploymentPostprocessing = 0;
		};
/* End PBXSourcesBuildPhase section */

/* Begin PBXTargetDependency section */
		A62279B82C25BA130074CCCE /* PBXTargetDependency */ = {
			isa = PBXTargetDependency;
			target = A62279A52C25BA110074CCCE /* ToDoList */;
			targetProxy = A62279B72C25BA130074CCCE /* PBXContainerItemProxy */;
		};
		A62279C22C25BA130074CCCE /* PBXTargetDependency */ = {
			isa = PBXTargetDependency;
			target = A62279A52C25BA110074CCCE /* ToDoList */;
			targetProxy = A62279C12C25BA130074CCCE /* PBXContainerItemProxy */;
		};
/* End PBXTargetDependency section */

/* Begin XCBuildConfiguration section */
		A62279C82C25BA130074CCCE /* Debug */ = {
			isa = XCBuildConfiguration;
			buildSettings = {
				ALWAYS_SEARCH_USER_PATHS = NO;
				ASSETCATALOG_COMPILER_GENERATE_SWIFT_ASSET_SYMBOL_EXTENSIONS = YES;
				CLANG_ANALYZER_NONNULL = YES;
				CLANG_ANALYZER_NUMBER_OBJECT_CONVERSION = YES_AGGRESSIVE;
				CLANG_CXX_LANGUAGE_STANDARD = "gnu++20";
				CLANG_ENABLE_MODULES = YES;
				CLANG_ENABLE_OBJC_ARC = YES;
				CLANG_ENABLE_OBJC_WEAK = YES;
				CLANG_WARN_BLOCK_CAPTURE_AUTORELEASING = YES;
				CLANG_WARN_BOOL_CONVERSION = YES;
				CLANG_WARN_COMMA = YES;
				CLANG_WARN_CONSTANT_CONVERSION = YES;
				CLANG_WARN_DEPRECATED_OBJC_IMPLEMENTATIONS = YES;
				CLANG_WARN_DIRECT_OBJC_ISA_USAGE = YES_ERROR;
				CLANG_WARN_DOCUMENTATION_COMMENTS = YES;
				CLANG_WARN_EMPTY_BODY = YES;
				CLANG_WARN_ENUM_CONVERSION = YES;
				CLANG_WARN_INFINITE_RECURSION = YES;
				CLANG_WARN_INT_CONVERSION = YES;
				CLANG_WARN_NON_LITERAL_NULL_CONVERSION = YES;
				CLANG_WARN_OBJC_IMPLICIT_RETAIN_SELF = YES;
				CLANG_WARN_OBJC_LITERAL_CONVERSION = YES;
				CLANG_WARN_OBJC_ROOT_CLASS = YES_ERROR;
				CLANG_WARN_QUOTED_INCLUDE_IN_FRAMEWORK_HEADER = YES;
				CLANG_WARN_RANGE_LOOP_ANALYSIS = YES;
				CLANG_WARN_STRICT_PROTOTYPES = YES;
				CLANG_WARN_SUSPICIOUS_MOVE = YES;
				CLANG_WARN_UNGUARDED_AVAILABILITY = YES_AGGRESSIVE;
				CLANG_WARN_UNREACHABLE_CODE = YES;
				CLANG_WARN__DUPLICATE_METHOD_MATCH = YES;
				COPY_PHASE_STRIP = NO;
				DEBUG_INFORMATION_FORMAT = dwarf;
				ENABLE_STRICT_OBJC_MSGSEND = YES;
				ENABLE_TESTABILITY = YES;
				ENABLE_USER_SCRIPT_SANDBOXING = YES;
				GCC_C_LANGUAGE_STANDARD = gnu17;
				GCC_DYNAMIC_NO_PIC = NO;
				GCC_NO_COMMON_BLOCKS = YES;
				GCC_OPTIMIZATION_LEVEL = 0;
				GCC_PREPROCESSOR_DEFINITIONS = (
					"DEBUG=1",
					"$(inherited)",
				);
				GCC_WARN_64_TO_32_BIT_CONVERSION = YES;
				GCC_WARN_ABOUT_RETURN_TYPE = YES_ERROR;
				GCC_WARN_UNDECLARED_SELECTOR = YES;
				GCC_WARN_UNINITIALIZED_AUTOS = YES_AGGRESSIVE;
				GCC_WARN_UNUSED_FUNCTION = YES;
				GCC_WARN_UNUSED_VARIABLE = YES;
				IPHONEOS_DEPLOYMENT_TARGET = 17.5;
				LOCALIZATION_PREFERS_STRING_CATALOGS = YES;
				MTL_ENABLE_DEBUG_INFO = INCLUDE_SOURCE;
				MTL_FAST_MATH = YES;
				ONLY_ACTIVE_ARCH = YES;
				SDKROOT = iphoneos;
				SWIFT_ACTIVE_COMPILATION_CONDITIONS = "DEBUG $(inherited)";
				SWIFT_OPTIMIZATION_LEVEL = "-Onone";
			};
			name = Debug;
		};
		A62279C92C25BA130074CCCE /* Release */ = {
			isa = XCBuildConfiguration;
			buildSettings = {
				ALWAYS_SEARCH_USER_PATHS = NO;
				ASSETCATALOG_COMPILER_GENERATE_SWIFT_ASSET_SYMBOL_EXTENSIONS = YES;
				CLANG_ANALYZER_NONNULL = YES;
				CLANG_ANALYZER_NUMBER_OBJECT_CONVERSION = YES_AGGRESSIVE;
				CLANG_CXX_LANGUAGE_STANDARD = "gnu++20";
				CLANG_ENABLE_MODULES = YES;
				CLANG_ENABLE_OBJC_ARC = YES;
				CLANG_ENABLE_OBJC_WEAK = YES;
				CLANG_WARN_BLOCK_CAPTURE_AUTORELEASING = YES;
				CLANG_WARN_BOOL_CONVERSION = YES;
				CLANG_WARN_COMMA = YES;
				CLANG_WARN_CONSTANT_CONVERSION = YES;
				CLANG_WARN_DEPRECATED_OBJC_IMPLEMENTATIONS = YES;
				CLANG_WARN_DIRECT_OBJC_ISA_USAGE = YES_ERROR;
				CLANG_WARN_DOCUMENTATION_COMMENTS = YES;
				CLANG_WARN_EMPTY_BODY = YES;
				CLANG_WARN_ENUM_CONVERSION = YES;
				CLANG_WARN_INFINITE_RECURSION = YES;
				CLANG_WARN_INT_CONVERSION = YES;
				CLANG_WARN_NON_LITERAL_NULL_CONVERSION = YES;
				CLANG_WARN_OBJC_IMPLICIT_RETAIN_SELF = YES;
				CLANG_WARN_OBJC_LITERAL_CONVERSION = YES;
				CLANG_WARN_OBJC_ROOT_CLASS = YES_ERROR;
				CLANG_WARN_QUOTED_INCLUDE_IN_FRAMEWORK_HEADER = YES;
				CLANG_WARN_RANGE_LOOP_ANALYSIS = YES;
				CLANG_WARN_STRICT_PROTOTYPES = YES;
				CLANG_WARN_SUSPICIOUS_MOVE = YES;
				CLANG_WARN_UNGUARDED_AVAILABILITY = YES_AGGRESSIVE;
				CLANG_WARN_UNREACHABLE_CODE = YES;
				CLANG_WARN__DUPLICATE_METHOD_MATCH = YES;
				COPY_PHASE_STRIP = NO;
				DEBUG_INFORMATION_FORMAT = "dwarf-with-dsym";
				ENABLE_NS_ASSERTIONS = NO;
				ENABLE_STRICT_OBJC_MSGSEND = YES;
				ENABLE_USER_SCRIPT_SANDBOXING = YES;
				GCC_C_LANGUAGE_STANDARD = gnu17;
				GCC_NO_COMMON_BLOCKS = YES;
				GCC_WARN_64_TO_32_BIT_CONVERSION = YES;
				GCC_WARN_ABOUT_RETURN_TYPE = YES_ERROR;
				GCC_WARN_UNDECLARED_SELECTOR = YES;
				GCC_WARN_UNINITIALIZED_AUTOS = YES_AGGRESSIVE;
				GCC_WARN_UNUSED_FUNCTION = YES;
				GCC_WARN_UNUSED_VARIABLE = YES;
				IPHONEOS_DEPLOYMENT_TARGET = 17.5;
				LOCALIZATION_PREFERS_STRING_CATALOGS = YES;
				MTL_ENABLE_DEBUG_INFO = NO;
				MTL_FAST_MATH = YES;
				SDKROOT = iphoneos;
				SWIFT_COMPILATION_MODE = wholemodule;
				VALIDATE_PRODUCT = YES;
			};
			name = Release;
		};
		A62279CB2C25BA130074CCCE /* Debug */ = {
			isa = XCBuildConfiguration;
			buildSettings = {
				ASSETCATALOG_COMPILER_APPICON_NAME = AppIcon;
				ASSETCATALOG_COMPILER_GLOBAL_ACCENT_COLOR_NAME = AccentColor;
				CODE_SIGN_STYLE = Automatic;
				CURRENT_PROJECT_VERSION = 1;
				DEVELOPMENT_ASSET_PATHS = "\"ToDoList/Preview Content\"";
				DEVELOPMENT_TEAM = G84JXVVV25;
				ENABLE_PREVIEWS = YES;
				GENERATE_INFOPLIST_FILE = YES;
				INFOPLIST_KEY_CFBundleDisplayName = "To Do List";
				INFOPLIST_KEY_UIApplicationSceneManifest_Generation = YES;
				INFOPLIST_KEY_UIApplicationSupportsIndirectInputEvents = YES;
				INFOPLIST_KEY_UILaunchScreen_Generation = YES;
				INFOPLIST_KEY_UILaunchStoryboardName = "Launch Screen.storyboard";
				INFOPLIST_KEY_UISupportedInterfaceOrientations = UIInterfaceOrientationPortrait;
				LD_RUNPATH_SEARCH_PATHS = (
					"$(inherited)",
					"@executable_path/Frameworks",
				);
				MARKETING_VERSION = 1.0;
				PRODUCT_BUNDLE_IDENTIFIER = dev.montoyo.ToDoList;
				PRODUCT_NAME = "$(TARGET_NAME)";
				SWIFT_EMIT_LOC_STRINGS = YES;
				SWIFT_VERSION = 5.0;
				TARGETED_DEVICE_FAMILY = "1,2";
			};
			name = Debug;
		};
		A62279CC2C25BA130074CCCE /* Release */ = {
			isa = XCBuildConfiguration;
			buildSettings = {
				ASSETCATALOG_COMPILER_APPICON_NAME = AppIcon;
				ASSETCATALOG_COMPILER_GLOBAL_ACCENT_COLOR_NAME = AccentColor;
				CODE_SIGN_STYLE = Automatic;
				CURRENT_PROJECT_VERSION = 1;
				DEVELOPMENT_ASSET_PATHS = "\"ToDoList/Preview Content\"";
				DEVELOPMENT_TEAM = G84JXVVV25;
				ENABLE_PREVIEWS = YES;
				GENERATE_INFOPLIST_FILE = YES;
				INFOPLIST_KEY_CFBundleDisplayName = "To Do List";
				INFOPLIST_KEY_UIApplicationSceneManifest_Generation = YES;
				INFOPLIST_KEY_UIApplicationSupportsIndirectInputEvents = YES;
				INFOPLIST_KEY_UILaunchScreen_Generation = YES;
				INFOPLIST_KEY_UILaunchStoryboardName = "Launch Screen.storyboard";
				INFOPLIST_KEY_UISupportedInterfaceOrientations = UIInterfaceOrientationPortrait;
				LD_RUNPATH_SEARCH_PATHS = (
					"$(inherited)",
					"@executable_path/Frameworks",
				);
				MARKETING_VERSION = 1.0;
				PRODUCT_BUNDLE_IDENTIFIER = dev.montoyo.ToDoList;
				PRODUCT_NAME = "$(TARGET_NAME)";
				SWIFT_EMIT_LOC_STRINGS = YES;
				SWIFT_VERSION = 5.0;
				TARGETED_DEVICE_FAMILY = "1,2";
			};
			name = Release;
		};
		A62279CE2C25BA130074CCCE /* Debug */ = {
			isa = XCBuildConfiguration;
			buildSettings = {
				ALWAYS_EMBED_SWIFT_STANDARD_LIBRARIES = YES;
				BUNDLE_LOADER = "$(TEST_HOST)";
				CODE_SIGN_STYLE = Automatic;
				CURRENT_PROJECT_VERSION = 1;
				DEVELOPMENT_TEAM = G84JXVVV25;
				GENERATE_INFOPLIST_FILE = YES;
				IPHONEOS_DEPLOYMENT_TARGET = 17.5;
				MARKETING_VERSION = 1.0;
				PRODUCT_BUNDLE_IDENTIFIER = dev.montoyo.ToDoListTests;
				PRODUCT_NAME = "$(TARGET_NAME)";
				SWIFT_EMIT_LOC_STRINGS = NO;
				SWIFT_VERSION = 5.0;
				TARGETED_DEVICE_FAMILY = "1,2";
				TEST_HOST = "$(BUILT_PRODUCTS_DIR)/ToDoList.app/$(BUNDLE_EXECUTABLE_FOLDER_PATH)/ToDoList";
			};
			name = Debug;
		};
		A62279CF2C25BA130074CCCE /* Release */ = {
			isa = XCBuildConfiguration;
			buildSettings = {
				ALWAYS_EMBED_SWIFT_STANDARD_LIBRARIES = YES;
				BUNDLE_LOADER = "$(TEST_HOST)";
				CODE_SIGN_STYLE = Automatic;
				CURRENT_PROJECT_VERSION = 1;
				DEVELOPMENT_TEAM = G84JXVVV25;
				GENERATE_INFOPLIST_FILE = YES;
				IPHONEOS_DEPLOYMENT_TARGET = 17.5;
				MARKETING_VERSION = 1.0;
				PRODUCT_BUNDLE_IDENTIFIER = dev.montoyo.ToDoListTests;
				PRODUCT_NAME = "$(TARGET_NAME)";
				SWIFT_EMIT_LOC_STRINGS = NO;
				SWIFT_VERSION = 5.0;
				TARGETED_DEVICE_FAMILY = "1,2";
				TEST_HOST = "$(BUILT_PRODUCTS_DIR)/ToDoList.app/$(BUNDLE_EXECUTABLE_FOLDER_PATH)/ToDoList";
			};
			name = Release;
		};
		A62279D12C25BA130074CCCE /* Debug */ = {
			isa = XCBuildConfiguration;
			buildSettings = {
				ALWAYS_EMBED_SWIFT_STANDARD_LIBRARIES = YES;
				CODE_SIGN_STYLE = Automatic;
				CURRENT_PROJECT_VERSION = 1;
				DEVELOPMENT_TEAM = G84JXVVV25;
				GENERATE_INFOPLIST_FILE = YES;
				MARKETING_VERSION = 1.0;
				PRODUCT_BUNDLE_IDENTIFIER = dev.montoyo.ToDoListUITests;
				PRODUCT_NAME = "$(TARGET_NAME)";
				SWIFT_EMIT_LOC_STRINGS = NO;
				SWIFT_VERSION = 5.0;
				TARGETED_DEVICE_FAMILY = "1,2";
				TEST_TARGET_NAME = ToDoList;
			};
			name = Debug;
		};
		A62279D22C25BA130074CCCE /* Release */ = {
			isa = XCBuildConfiguration;
			buildSettings = {
				ALWAYS_EMBED_SWIFT_STANDARD_LIBRARIES = YES;
				CODE_SIGN_STYLE = Automatic;
				CURRENT_PROJECT_VERSION = 1;
				DEVELOPMENT_TEAM = G84JXVVV25;
				GENERATE_INFOPLIST_FILE = YES;
				MARKETING_VERSION = 1.0;
				PRODUCT_BUNDLE_IDENTIFIER = dev.montoyo.ToDoListUITests;
				PRODUCT_NAME = "$(TARGET_NAME)";
				SWIFT_EMIT_LOC_STRINGS = NO;
				SWIFT_VERSION = 5.0;
				TARGETED_DEVICE_FAMILY = "1,2";
				TEST_TARGET_NAME = ToDoList;
			};
			name = Release;
		};
/* End XCBuildConfiguration section */

/* Begin XCConfigurationList section */
		A62279A12C25BA110074CCCE /* Build configuration list for PBXProject "ToDoList" */ = {
			isa = XCConfigurationList;
			buildConfigurations = (
				A62279C82C25BA130074CCCE /* Debug */,
				A62279C92C25BA130074CCCE /* Release */,
			);
			defaultConfigurationIsVisible = 0;
			defaultConfigurationName = Release;
		};
		A62279CA2C25BA130074CCCE /* Build configuration list for PBXNativeTarget "ToDoList" */ = {
			isa = XCConfigurationList;
			buildConfigurations = (
				A62279CB2C25BA130074CCCE /* Debug */,
				A62279CC2C25BA130074CCCE /* Release */,
			);
			defaultConfigurationIsVisible = 0;
			defaultConfigurationName = Release;
		};
		A62279CD2C25BA130074CCCE /* Build configuration list for PBXNativeTarget "ToDoListTests" */ = {
			isa = XCConfigurationList;
			buildConfigurations = (
				A62279CE2C25BA130074CCCE /* Debug */,
				A62279CF2C25BA130074CCCE /* Release */,
			);
			defaultConfigurationIsVisible = 0;
			defaultConfigurationName = Release;
		};
		A62279D02C25BA130074CCCE /* Build configuration list for PBXNativeTarget "ToDoListUITests" */ = {
			isa = XCConfigurationList;
			buildConfigurations = (
				A62279D12C25BA130074CCCE /* Debug */,
				A62279D22C25BA130074CCCE /* Release */,
			);
			defaultConfigurationIsVisible = 0;
			defaultConfigurationName = Release;
		};
/* End XCConfigurationList section */

/* Begin XCRemoteSwiftPackageReference section */
		A62279D32C25BC8C0074CCCE /* XCRemoteSwiftPackageReference "firebase-ios-sdk" */ = {
			isa = XCRemoteSwiftPackageReference;
			repositoryURL = "https://github.com/firebase/firebase-ios-sdk.git";
			requirement = {
				kind = upToNextMajorVersion;
				minimumVersion = 10.28.0;
			};
		};
/* End XCRemoteSwiftPackageReference section */

/* Begin XCSwiftPackageProductDependency section */
		A62279D42C25BC8D0074CCCE /* FirebaseAuth */ = {
			isa = XCSwiftPackageProductDependency;
			package = A62279D32C25BC8C0074CCCE /* XCRemoteSwiftPackageReference "firebase-ios-sdk" */;
			productName = FirebaseAuth;
		};
		A62279D62C25BC8D0074CCCE /* FirebaseFirestore */ = {
			isa = XCSwiftPackageProductDependency;
			package = A62279D32C25BC8C0074CCCE /* XCRemoteSwiftPackageReference "firebase-ios-sdk" */;
			productName = FirebaseFirestore;
		};
		A62279D82C25BC8D0074CCCE /* FirebaseFirestoreSwift */ = {
			isa = XCSwiftPackageProductDependency;
			package = A62279D32C25BC8C0074CCCE /* XCRemoteSwiftPackageReference "firebase-ios-sdk" */;
			productName = FirebaseFirestoreSwift;
		};
/* End XCSwiftPackageProductDependency section */
	};
	rootObject = A622799E2C25BA110074CCCE /* Project object */;
}
